
Microsoft Visual Studio Solution File, Format Version 12.00
# Visual Studio Version 17
VisualStudioVersion = 17.7.34024.191
MinimumVisualStudioVersion = 10.0.40219.1
Project("{FAE04EC0-301F-11D3-BF4B-00C04F79EFBC}") = "papix_patcher_v1", "patcher_fun\papix_patcher_v1.csproj", "{A7237AB0-AE4C-46D5-8E18-78E147A9B574}"
EndProject
Global
	GlobalSection(SolutionConfigurationPlatforms) = preSolution
		Debug|Any CPU = Debug|Any CPU
		Release|Any CPU = Release|Any CPU
	EndGlobalSection
	GlobalSection(ProjectConfigurationPlatforms) = postSolution
		{A7237AB0-AE4C-46D5-8E18-78E147A9B574}.Debug|Any CPU.ActiveCfg = Debug|Any CPU
		{A7237AB0-AE4C-46D5-8E18-78E147A9B574}.Debug|Any CPU.Build.0 = Debug|Any CPU
		{A7237AB0-AE4C-46D5-8E18-78E147A9B574}.Release|Any CPU.ActiveCfg = Release|Any CPU
		{A7237AB0-AE4C-46D5-8E18-78E147A9B574}.Release|Any CPU.Build.0 = Release|Any CPU
	EndGlobalSection
	GlobalSection(SolutionProperties) = preSolution
		HideSolutionNode = FALSE
	EndGlobalSection
	GlobalSection(ExtensibilityGlobals) = postSolution
		SolutionGuid = {A900F33D-BAFC-4E56-B4FB-0C5F0F0B2B38}
	EndGlobalSection
EndGlobal
